{
  "name": "kopist-electron",
  "version": "12.0.1",
  "lockfileVersion": 2,
  "requires": true,
  "packages": {
    "": {
      "name": "kopist-electron",
      "version": "12.0.1",
      "dependencies": {
        "uiohook-napi": "^1.5.1"
      }
    },
    "node_modules/node-gyp-build": {
      "version": "4.6.0",
      "resolved": "https://registry.npmjs.org/node-gyp-build/-/node-gyp-build-4.6.0.tgz",
      "integrity": "sha512-NTZVKn9IylLwUzaKjkas1e4u2DLNcV4rdYagA4PWdPwW87Bi7z+BznyKSRwS/761tV/lzCGXplWsiaMjLqP2zQ==",
      "bin": {
        "node-gyp-build": "bin.js",
        "node-gyp-build-optional": "optional.js",
        "node-gyp-build-test": "build-test.js"
      }
    },
    "node_modules/uiohook-napi": {
      "version": "1.5.1",
      "resolved": "https://registry.npmjs.org/uiohook-napi/-/uiohook-napi-1.5.1.tgz",
      "integrity": "sha512-wSBd0LRzomlCQcB09CLk70lobx+UyGmWgNiL5wfoEHkPdDR/5Byivp1uS0NyO61waNFc+KOtcV+As+I3DjS0TA==",
      "hasInstallScript": true,
      "dependencies": {
        "node-gyp-build": "4.x.x"
      },
      "engines": {
        "node": ">= 16"
      }
    }
  },
  "dependencies": {
    "node-gyp-build": {
      "version": "4.6.0",
      "resolved": "https://registry.npmjs.org/node-gyp-build/-/node-gyp-build-4.6.0.tgz",
      "integrity": "sha512-NTZVKn9IylLwUzaKjkas1e4u2DLNcV4rdYagA4PWdPwW87Bi7z+BznyKSRwS/761tV/lzCGXplWsiaMjLqP2zQ=="
    },
    "uiohook-napi": {
      "version": "1.5.1",
      "resolved": "https://registry.npmjs.org/uiohook-napi/-/uiohook-napi-1.5.1.tgz",
      "integrity": "sha512-wSBd0LRzomlCQcB09CLk70lobx+UyGmWgNiL5wfoEHkPdDR/5Byivp1uS0NyO61waNFc+KOtcV+As+I3DjS0TA==",
      "requires": {
        "node-gyp-build": "4.x.x"
      }
    }
  }
}
